
Microsoft Visual Studio Solution File, Format Version 12.00
# Visual Studio 15
VisualStudioVersion = 15.0.26124.0
MinimumVisualStudioVersion = 15.0.26124.0
Project("{FAE04EC0-301F-11D3-BF4B-00C04F79EFBC}") = "QuickBuy.Domain", "QuickBuy.Domain\QuickBuy.Domain.csproj", "{7D44BA6B-123B-4B6A-BE13-6C1851E5FB0D}"
EndProject
Project("{FAE04EC0-301F-11D3-BF4B-00C04F79EFBC}") = "QuickBuy.Repository", "QuickBuy.Repository\QuickBuy.Repository.csproj", "{4BDB3E59-C8E7-4365-83BD-68A37544EE9C}"
EndProject
Project("{FAE04EC0-301F-11D3-BF4B-00C04F79EFBC}") = "QuickBuy.Web", "QuickBuy.Web\QuickBuy.Web.csproj", "{BD1A8A6A-B164-48F3-AA2D-FCDF2338CC99}"
EndProject
Global
	GlobalSection(SolutionConfigurationPlatforms) = preSolution
		Debug|Any CPU = Debug|Any CPU
		Debug|x64 = Debug|x64
		Debug|x86 = Debug|x86
		Release|Any CPU = Release|Any CPU
		Release|x64 = Release|x64
		Release|x86 = Release|x86
	EndGlobalSection
	GlobalSection(SolutionProperties) = preSolution
		HideSolutionNode = FALSE
	EndGlobalSection
	GlobalSection(ProjectConfigurationPlatforms) = postSolution
		{7D44BA6B-123B-4B6A-BE13-6C1851E5FB0D}.Debug|Any CPU.ActiveCfg = Debug|Any CPU
		{7D44BA6B-123B-4B6A-BE13-6C1851E5FB0D}.Debug|Any CPU.Build.0 = Debug|Any CPU
		{7D44BA6B-123B-4B6A-BE13-6C1851E5FB0D}.Debug|x64.ActiveCfg = Debug|Any CPU
		{7D44BA6B-123B-4B6A-BE13-6C1851E5FB0D}.Debug|x64.Build.0 = Debug|Any CPU
		{7D44BA6B-123B-4B6A-BE13-6C1851E5FB0D}.Debug|x86.ActiveCfg = Debug|Any CPU
		{7D44BA6B-123B-4B6A-BE13-6C1851E5FB0D}.Debug|x86.Build.0 = Debug|Any CPU
		{7D44BA6B-123B-4B6A-BE13-6C1851E5FB0D}.Release|Any CPU.ActiveCfg = Release|Any CPU
		{7D44BA6B-123B-4B6A-BE13-6C1851E5FB0D}.Release|Any CPU.Build.0 = Release|Any CPU
		{7D44BA6B-123B-4B6A-BE13-6C1851E5FB0D}.Release|x64.ActiveCfg = Release|Any CPU
		{7D44BA6B-123B-4B6A-BE13-6C1851E5FB0D}.Release|x64.Build.0 = Release|Any CPU
		{7D44BA6B-123B-4B6A-BE13-6C1851E5FB0D}.Release|x86.ActiveCfg = Release|Any CPU
		{7D44BA6B-123B-4B6A-BE13-6C1851E5FB0D}.Release|x86.Build.0 = Release|Any CPU
		{4BDB3E59-C8E7-4365-83BD-68A37544EE9C}.Debug|Any CPU.ActiveCfg = Debug|Any CPU
		{4BDB3E59-C8E7-4365-83BD-68A37544EE9C}.Debug|Any CPU.Build.0 = Debug|Any CPU
		{4BDB3E59-C8E7-4365-83BD-68A37544EE9C}.Debug|x64.ActiveCfg = Debug|Any CPU
		{4BDB3E59-C8E7-4365-83BD-68A37544EE9C}.Debug|x64.Build.0 = Debug|Any CPU
		{4BDB3E59-C8E7-4365-83BD-68A37544EE9C}.Debug|x86.ActiveCfg = Debug|Any CPU
		{4BDB3E59-C8E7-4365-83BD-68A37544EE9C}.Debug|x86.Build.0 = Debug|Any CPU
		{4BDB3E59-C8E7-4365-83BD-68A37544EE9C}.Release|Any CPU.ActiveCfg = Release|Any CPU
		{4BDB3E59-C8E7-4365-83BD-68A37544EE9C}.Release|Any CPU.Build.0 = Release|Any CPU
		{4BDB3E59-C8E7-4365-83BD-68A37544EE9C}.Release|x64.ActiveCfg = Release|Any CPU
		{4BDB3E59-C8E7-4365-83BD-68A37544EE9C}.Release|x64.Build.0 = Release|Any CPU
		{4BDB3E59-C8E7-4365-83BD-68A37544EE9C}.Release|x86.ActiveCfg = Release|Any CPU
		{4BDB3E59-C8E7-4365-83BD-68A37544EE9C}.Release|x86.Build.0 = Release|Any CPU
		{BD1A8A6A-B164-48F3-AA2D-FCDF2338CC99}.Debug|Any CPU.ActiveCfg = Debug|Any CPU
		{BD1A8A6A-B164-48F3-AA2D-FCDF2338CC99}.Debug|Any CPU.Build.0 = Debug|Any CPU
		{BD1A8A6A-B164-48F3-AA2D-FCDF2338CC99}.Debug|x64.ActiveCfg = Debug|Any CPU
		{BD1A8A6A-B164-48F3-AA2D-FCDF2338CC99}.Debug|x64.Build.0 = Debug|Any CPU
		{BD1A8A6A-B164-48F3-AA2D-FCDF2338CC99}.Debug|x86.ActiveCfg = Debug|Any CPU
		{BD1A8A6A-B164-48F3-AA2D-FCDF2338CC99}.Debug|x86.Build.0 = Debug|Any CPU
		{BD1A8A6A-B164-48F3-AA2D-FCDF2338CC99}.Release|Any CPU.ActiveCfg = Release|Any CPU
		{BD1A8A6A-B164-48F3-AA2D-FCDF2338CC99}.Release|Any CPU.Build.0 = Release|Any CPU
		{BD1A8A6A-B164-48F3-AA2D-FCDF2338CC99}.Release|x64.ActiveCfg = Release|Any CPU
		{BD1A8A6A-B164-48F3-AA2D-FCDF2338CC99}.Release|x64.Build.0 = Release|Any CPU
		{BD1A8A6A-B164-48F3-AA2D-FCDF2338CC99}.Release|x86.ActiveCfg = Release|Any CPU
		{BD1A8A6A-B164-48F3-AA2D-FCDF2338CC99}.Release|x86.Build.0 = Release|Any CPU
	EndGlobalSection
EndGlobal
